
Microsoft Visual Studio Solution File, Format Version 12.00
# Visual Studio Version 17
VisualStudioVersion = 17.7.34202.233
MinimumVisualStudioVersion = 10.0.40219.1
Project("{FAE04EC0-301F-11D3-BF4B-00C04F79EFBC}") = "ManagementSystem_For_PublicCatering", "ManagementSystem_For_PublicCatering\ManagementSystem_For_PublicCatering.csproj", "{A0233778-7265-48D0-8058-236445F3522F}"
EndProject
Global
	GlobalSection(SolutionConfigurationPlatforms) = preSolution
		Debug|Any CPU = Debug|Any CPU
		Release|Any CPU = Release|Any CPU
	EndGlobalSection
	GlobalSection(ProjectConfigurationPlatforms) = postSolution
		{A0233778-7265-48D0-8058-236445F3522F}.Debug|Any CPU.ActiveCfg = Debug|Any CPU
		{A0233778-7265-48D0-8058-236445F3522F}.Debug|Any CPU.Build.0 = Debug|Any CPU
		{A0233778-7265-48D0-8058-236445F3522F}.Release|Any CPU.ActiveCfg = Release|Any CPU
		{A0233778-7265-48D0-8058-236445F3522F}.Release|Any CPU.Build.0 = Release|Any CPU
	EndGlobalSection
	GlobalSection(SolutionProperties) = preSolution
		HideSolutionNode = FALSE
	EndGlobalSection
	GlobalSection(ExtensibilityGlobals) = postSolution
		SolutionGuid = {7DE492B3-5F93-40DD-AA50-74D815D39FC0}
	EndGlobalSection
EndGlobal
